
Microsoft Visual Studio Solution File, Format Version 12.00
# Visual Studio Version 17
VisualStudioVersion = 17.2.32526.322
MinimumVisualStudioVersion = 10.0.40219.1
Project("{FAE04EC0-301F-11D3-BF4B-00C04F79EFBC}") = "Apple", "Apple\Apple.csproj", "{4826468D-3149-4716-8C6A-9940B6FECA47}"
EndProject
Global
	GlobalSection(SolutionConfigurationPlatforms) = preSolution
		Debug|Any CPU = Debug|Any CPU
		Release|Any CPU = Release|Any CPU
	EndGlobalSection
	GlobalSection(ProjectConfigurationPlatforms) = postSolution
		{4826468D-3149-4716-8C6A-9940B6FECA47}.Debug|Any CPU.ActiveCfg = Debug|Any CPU
		{4826468D-3149-4716-8C6A-9940B6FECA47}.Debug|Any CPU.Build.0 = Debug|Any CPU
		{4826468D-3149-4716-8C6A-9940B6FECA47}.Release|Any CPU.ActiveCfg = Release|Any CPU
		{4826468D-3149-4716-8C6A-9940B6FECA47}.Release|Any CPU.Build.0 = Release|Any CPU
	EndGlobalSection
	GlobalSection(SolutionProperties) = preSolution
		HideSolutionNode = FALSE
	EndGlobalSection
	GlobalSection(ExtensibilityGlobals) = postSolution
		SolutionGuid = {005239CD-87BE-4912-BB5D-3912D9A3DF17}
	EndGlobalSection
EndGlobal
