
Microsoft Visual Studio Solution File, Format Version 12.00
# Visual Studio Version 17
VisualStudioVersion = 17.2.32526.322
MinimumVisualStudioVersion = 10.0.40219.1
Project("{FAE04EC0-301F-11D3-BF4B-00C04F79EFBC}") = "ConsoleApp 4", "ConsoleApp 4\ConsoleApp 4.csproj", "{CC1D3569-ECE2-4A0F-BBEA-5BB5C6AF7BB6}"
EndProject
Global
	GlobalSection(SolutionConfigurationPlatforms) = preSolution
		Debug|Any CPU = Debug|Any CPU
		Release|Any CPU = Release|Any CPU
	EndGlobalSection
	GlobalSection(ProjectConfigurationPlatforms) = postSolution
		{CC1D3569-ECE2-4A0F-BBEA-5BB5C6AF7BB6}.Debug|Any CPU.ActiveCfg = Debug|Any CPU
		{CC1D3569-ECE2-4A0F-BBEA-5BB5C6AF7BB6}.Debug|Any CPU.Build.0 = Debug|Any CPU
		{CC1D3569-ECE2-4A0F-BBEA-5BB5C6AF7BB6}.Release|Any CPU.ActiveCfg = Release|Any CPU
		{CC1D3569-ECE2-4A0F-BBEA-5BB5C6AF7BB6}.Release|Any CPU.Build.0 = Release|Any CPU
	EndGlobalSection
	GlobalSection(SolutionProperties) = preSolution
		HideSolutionNode = FALSE
	EndGlobalSection
	GlobalSection(ExtensibilityGlobals) = postSolution
		SolutionGuid = {7D23FDCB-1364-42E9-BFD6-7FE7ED489D70}
	EndGlobalSection
EndGlobal
