
Microsoft Visual Studio Solution File, Format Version 12.00
# Visual Studio Version 17
VisualStudioVersion = 17.2.32526.322
MinimumVisualStudioVersion = 10.0.40219.1
Project("{FAE04EC0-301F-11D3-BF4B-00C04F79EFBC}") = "Nobi", "Nobi\Nobi.csproj", "{7B18FA39-B8A2-4822-B980-55EF6EFE4762}"
EndProject
Global
	GlobalSection(SolutionConfigurationPlatforms) = preSolution
		Debug|Any CPU = Debug|Any CPU
		Release|Any CPU = Release|Any CPU
	EndGlobalSection
	GlobalSection(ProjectConfigurationPlatforms) = postSolution
		{7B18FA39-B8A2-4822-B980-55EF6EFE4762}.Debug|Any CPU.ActiveCfg = Debug|Any CPU
		{7B18FA39-B8A2-4822-B980-55EF6EFE4762}.Debug|Any CPU.Build.0 = Debug|Any CPU
		{7B18FA39-B8A2-4822-B980-55EF6EFE4762}.Release|Any CPU.ActiveCfg = Release|Any CPU
		{7B18FA39-B8A2-4822-B980-55EF6EFE4762}.Release|Any CPU.Build.0 = Release|Any CPU
	EndGlobalSection
	GlobalSection(SolutionProperties) = preSolution
		HideSolutionNode = FALSE
	EndGlobalSection
	GlobalSection(ExtensibilityGlobals) = postSolution
		SolutionGuid = {FE58198A-41D9-4DBB-B2D5-FA0798C72768}
	EndGlobalSection
EndGlobal
