
Microsoft Visual Studio Solution File, Format Version 12.00
# Visual Studio Version 17
VisualStudioVersion = 17.2.32526.322
MinimumVisualStudioVersion = 10.0.40219.1
Project("{FAE04EC0-301F-11D3-BF4B-00C04F79EFBC}") = "program 6", "program 6\program 6.csproj", "{3167CC82-4AF6-42A9-9718-A79682DC260B}"
EndProject
Global
	GlobalSection(SolutionConfigurationPlatforms) = preSolution
		Debug|Any CPU = Debug|Any CPU
		Release|Any CPU = Release|Any CPU
	EndGlobalSection
	GlobalSection(ProjectConfigurationPlatforms) = postSolution
		{3167CC82-4AF6-42A9-9718-A79682DC260B}.Debug|Any CPU.ActiveCfg = Debug|Any CPU
		{3167CC82-4AF6-42A9-9718-A79682DC260B}.Debug|Any CPU.Build.0 = Debug|Any CPU
		{3167CC82-4AF6-42A9-9718-A79682DC260B}.Release|Any CPU.ActiveCfg = Release|Any CPU
		{3167CC82-4AF6-42A9-9718-A79682DC260B}.Release|Any CPU.Build.0 = Release|Any CPU
	EndGlobalSection
	GlobalSection(SolutionProperties) = preSolution
		HideSolutionNode = FALSE
	EndGlobalSection
	GlobalSection(ExtensibilityGlobals) = postSolution
		SolutionGuid = {40B6F3EA-8229-462A-A95A-B4C01193C30C}
	EndGlobalSection
EndGlobal
