
Microsoft Visual Studio Solution File, Format Version 12.00
# Visual Studio Version 17
VisualStudioVersion = 17.2.32526.322
MinimumVisualStudioVersion = 10.0.40219.1
Project("{FAE04EC0-301F-11D3-BF4B-00C04F79EFBC}") = "project 3", "project 3\project 3.csproj", "{C515BE10-27AD-4470-92D2-1CCEB3EC4EAE}"
EndProject
Global
	GlobalSection(SolutionConfigurationPlatforms) = preSolution
		Debug|Any CPU = Debug|Any CPU
		Release|Any CPU = Release|Any CPU
	EndGlobalSection
	GlobalSection(ProjectConfigurationPlatforms) = postSolution
		{C515BE10-27AD-4470-92D2-1CCEB3EC4EAE}.Debug|Any CPU.ActiveCfg = Debug|Any CPU
		{C515BE10-27AD-4470-92D2-1CCEB3EC4EAE}.Debug|Any CPU.Build.0 = Debug|Any CPU
		{C515BE10-27AD-4470-92D2-1CCEB3EC4EAE}.Release|Any CPU.ActiveCfg = Release|Any CPU
		{C515BE10-27AD-4470-92D2-1CCEB3EC4EAE}.Release|Any CPU.Build.0 = Release|Any CPU
	EndGlobalSection
	GlobalSection(SolutionProperties) = preSolution
		HideSolutionNode = FALSE
	EndGlobalSection
	GlobalSection(ExtensibilityGlobals) = postSolution
		SolutionGuid = {09E5E6D6-82F3-4FF7-ACD4-F64FF995AAD9}
	EndGlobalSection
EndGlobal
